
Microsoft Visual Studio Solution File, Format Version 12.00
# Visual Studio 15
VisualStudioVersion = 15.0.28307.572
MinimumVisualStudioVersion = 10.0.40219.1
Project("{FAE04EC0-301F-11D3-BF4B-00C04F79EFBC}") = "OzIMDB", "OzIMDB\OzIMDB.csproj", "{8221E01E-EB84-4B66-8C4C-AEE37BDA77D4}"
EndProject
Global
	GlobalSection(SolutionConfigurationPlatforms) = preSolution
		Debug|Any CPU = Debug|Any CPU
		Release|Any CPU = Release|Any CPU
	EndGlobalSection
	GlobalSection(ProjectConfigurationPlatforms) = postSolution
		{8221E01E-EB84-4B66-8C4C-AEE37BDA77D4}.Debug|Any CPU.ActiveCfg = Debug|Any CPU
		{8221E01E-EB84-4B66-8C4C-AEE37BDA77D4}.Debug|Any CPU.Build.0 = Debug|Any CPU
		{8221E01E-EB84-4B66-8C4C-AEE37BDA77D4}.Release|Any CPU.ActiveCfg = Release|Any CPU
		{8221E01E-EB84-4B66-8C4C-AEE37BDA77D4}.Release|Any CPU.Build.0 = Release|Any CPU
	EndGlobalSection
	GlobalSection(SolutionProperties) = preSolution
		HideSolutionNode = FALSE
	EndGlobalSection
	GlobalSection(ExtensibilityGlobals) = postSolution
		SolutionGuid = {2C7B2EDE-828A-4C4A-8B34-B0678B3AA570}
	EndGlobalSection
EndGlobal
